
Microsoft Visual Studio Solution File, Format Version 12.00
# Visual Studio 15
VisualStudioVersion = 15.0.26124.0
MinimumVisualStudioVersion = 15.0.26124.0
Project("{2150E333-8FDC-42A3-9474-1A3956D46DE8}") = "Solution Items", "Solution Items", "{62384529-4A89-45AA-9241-6C41D736333C}"
	ProjectSection(SolutionItems) = preProject
		Build.props = Build.props
		Pack.props = Pack.props
		Test.runsettings = Test.runsettings
	EndProjectSection
EndProject
Project("{2150E333-8FDC-42A3-9474-1A3956D46DE8}") = "src", "src", "{EBCF0777-D8C4-42EF-86FA-014E1E069DAD}"
EndProject
Project("{FAE04EC0-301F-11D3-BF4B-00C04F79EFBC}") = "NeinTile", "src\NeinTile\NeinTile.csproj", "{67392DD6-DC43-4A3D-97C2-9FA0BD205E0D}"
EndProject
Project("{FAE04EC0-301F-11D3-BF4B-00C04F79EFBC}") = "NeinTile.Shell", "src\NeinTile.Shell\NeinTile.Shell.csproj", "{E1C9EA6A-B7F8-4404-9AD7-724FD4847352}"
EndProject
Project("{2150E333-8FDC-42A3-9474-1A3956D46DE8}") = "test", "test", "{F7581414-A534-468B-97D2-8881F0CE8AA9}"
EndProject
Project("{FAE04EC0-301F-11D3-BF4B-00C04F79EFBC}") = "NeinTile.Fakes", "test\NeinTile.Fakes\NeinTile.Fakes.csproj", "{F96CF887-191C-4671-9F4F-6902AC551016}"
EndProject
Project("{FAE04EC0-301F-11D3-BF4B-00C04F79EFBC}") = "NeinTile.Tests", "test\NeinTile.Tests\NeinTile.Tests.csproj", "{12086438-ED52-4401-86EF-AF89ABFD4A85}"
EndProject
Global
	GlobalSection(SolutionConfigurationPlatforms) = preSolution
		Debug|Any CPU = Debug|Any CPU
		Release|Any CPU = Release|Any CPU
	EndGlobalSection
	GlobalSection(SolutionProperties) = preSolution
		HideSolutionNode = FALSE
	EndGlobalSection
	GlobalSection(ProjectConfigurationPlatforms) = postSolution
		{67392DD6-DC43-4A3D-97C2-9FA0BD205E0D}.Debug|Any CPU.ActiveCfg = Debug|Any CPU
		{67392DD6-DC43-4A3D-97C2-9FA0BD205E0D}.Debug|Any CPU.Build.0 = Debug|Any CPU
		{67392DD6-DC43-4A3D-97C2-9FA0BD205E0D}.Release|Any CPU.ActiveCfg = Release|Any CPU
		{67392DD6-DC43-4A3D-97C2-9FA0BD205E0D}.Release|Any CPU.Build.0 = Release|Any CPU
		{E1C9EA6A-B7F8-4404-9AD7-724FD4847352}.Debug|Any CPU.ActiveCfg = Debug|Any CPU
		{E1C9EA6A-B7F8-4404-9AD7-724FD4847352}.Debug|Any CPU.Build.0 = Debug|Any CPU
		{E1C9EA6A-B7F8-4404-9AD7-724FD4847352}.Release|Any CPU.ActiveCfg = Release|Any CPU
		{E1C9EA6A-B7F8-4404-9AD7-724FD4847352}.Release|Any CPU.Build.0 = Release|Any CPU
		{F96CF887-191C-4671-9F4F-6902AC551016}.Debug|Any CPU.ActiveCfg = Debug|Any CPU
		{F96CF887-191C-4671-9F4F-6902AC551016}.Debug|Any CPU.Build.0 = Debug|Any CPU
		{F96CF887-191C-4671-9F4F-6902AC551016}.Release|Any CPU.ActiveCfg = Release|Any CPU
		{F96CF887-191C-4671-9F4F-6902AC551016}.Release|Any CPU.Build.0 = Release|Any CPU
		{12086438-ED52-4401-86EF-AF89ABFD4A85}.Debug|Any CPU.ActiveCfg = Debug|Any CPU
		{12086438-ED52-4401-86EF-AF89ABFD4A85}.Debug|Any CPU.Build.0 = Debug|Any CPU
		{12086438-ED52-4401-86EF-AF89ABFD4A85}.Release|Any CPU.ActiveCfg = Release|Any CPU
		{12086438-ED52-4401-86EF-AF89ABFD4A85}.Release|Any CPU.Build.0 = Release|Any CPU
	EndGlobalSection
	GlobalSection(NestedProjects) = preSolution
		{67392DD6-DC43-4A3D-97C2-9FA0BD205E0D} = {EBCF0777-D8C4-42EF-86FA-014E1E069DAD}
		{E1C9EA6A-B7F8-4404-9AD7-724FD4847352} = {EBCF0777-D8C4-42EF-86FA-014E1E069DAD}
		{F96CF887-191C-4671-9F4F-6902AC551016} = {F7581414-A534-468B-97D2-8881F0CE8AA9}
		{12086438-ED52-4401-86EF-AF89ABFD4A85} = {F7581414-A534-468B-97D2-8881F0CE8AA9}
	EndGlobalSection
EndGlobal
